
Microsoft Visual Studio Solution File, Format Version 12.00
# Visual Studio 15
VisualStudioVersion = 15.0.26730.16
MinimumVisualStudioVersion = 10.0.40219.1
Project("{FAE04EC0-301F-11D3-BF4B-00C04F79EFBC}") = "ViewImageInPictureBox.Desktop", "ImageInformation\ViewImageInPictureBox.Desktop.csproj", "{4A455638-DB94-45AB-8904-8D20D92D3952}"
EndProject
Global
	GlobalSection(SolutionConfigurationPlatforms) = preSolution
		Debug|Any CPU = Debug|Any CPU
		Release|Any CPU = Release|Any CPU
	EndGlobalSection
	GlobalSection(ProjectConfigurationPlatforms) = postSolution
		{4A455638-DB94-45AB-8904-8D20D92D3952}.Debug|Any CPU.ActiveCfg = Debug|Any CPU
		{4A455638-DB94-45AB-8904-8D20D92D3952}.Debug|Any CPU.Build.0 = Debug|Any CPU
		{4A455638-DB94-45AB-8904-8D20D92D3952}.Release|Any CPU.ActiveCfg = Release|Any CPU
		{4A455638-DB94-45AB-8904-8D20D92D3952}.Release|Any CPU.Build.0 = Release|Any CPU
	EndGlobalSection
	GlobalSection(SolutionProperties) = preSolution
		HideSolutionNode = FALSE
	EndGlobalSection
	GlobalSection(ExtensibilityGlobals) = postSolution
		SolutionGuid = {F354A593-3797-4A6F-8B73-BC22404744D7}
	EndGlobalSection
EndGlobal
